
Microsoft Visual Studio Solution File, Format Version 12.00
# Visual Studio 15
Project("{FAE04EC0-301F-11D3-BF4B-00C04F79EFBC}") = "kafka.commande", "kafka.commande\kafka.commande.csproj", "{8AD93BCD-B8E9-4594-A0D3-D324F48FAF94}"
EndProject
Project("{E53339B2-1760-4266-BCC7-CA923CBCF16C}") = "docker-compose", "docker-compose.dcproj", "{530DE3FD-0E7A-441C-A7AC-620283835A32}"
EndProject
Project("{FAE04EC0-301F-11D3-BF4B-00C04F79EFBC}") = "kafka.commande.tests", "kafka.commande.tests\kafka.commande.tests.csproj", "{FB2A0D89-AB96-4251-8862-C8D98880CFB9}"
EndProject
Project("{FAE04EC0-301F-11D3-BF4B-00C04F79EFBC}") = "kafka.commande.messages", "kafka.commande.messages\kafka.commande.messages.csproj", "{DFCD18C7-BB35-4879-A275-CB44547FB9A5}"
EndProject
Global
	GlobalSection(SolutionConfigurationPlatforms) = preSolution
		Debug|Any CPU = Debug|Any CPU
		Release|Any CPU = Release|Any CPU
	EndGlobalSection
	GlobalSection(ProjectConfigurationPlatforms) = postSolution
		{8AD93BCD-B8E9-4594-A0D3-D324F48FAF94}.Debug|Any CPU.ActiveCfg = Debug|Any CPU
		{8AD93BCD-B8E9-4594-A0D3-D324F48FAF94}.Debug|Any CPU.Build.0 = Debug|Any CPU
		{8AD93BCD-B8E9-4594-A0D3-D324F48FAF94}.Release|Any CPU.ActiveCfg = Release|Any CPU
		{8AD93BCD-B8E9-4594-A0D3-D324F48FAF94}.Release|Any CPU.Build.0 = Release|Any CPU
		{530DE3FD-0E7A-441C-A7AC-620283835A32}.Debug|Any CPU.ActiveCfg = Debug|Any CPU
		{530DE3FD-0E7A-441C-A7AC-620283835A32}.Debug|Any CPU.Build.0 = Debug|Any CPU
		{530DE3FD-0E7A-441C-A7AC-620283835A32}.Release|Any CPU.ActiveCfg = Release|Any CPU
		{530DE3FD-0E7A-441C-A7AC-620283835A32}.Release|Any CPU.Build.0 = Release|Any CPU
		{FB2A0D89-AB96-4251-8862-C8D98880CFB9}.Debug|Any CPU.ActiveCfg = Debug|Any CPU
		{FB2A0D89-AB96-4251-8862-C8D98880CFB9}.Debug|Any CPU.Build.0 = Debug|Any CPU
		{FB2A0D89-AB96-4251-8862-C8D98880CFB9}.Release|Any CPU.ActiveCfg = Release|Any CPU
		{FB2A0D89-AB96-4251-8862-C8D98880CFB9}.Release|Any CPU.Build.0 = Release|Any CPU
		{DFCD18C7-BB35-4879-A275-CB44547FB9A5}.Debug|Any CPU.ActiveCfg = Debug|Any CPU
		{DFCD18C7-BB35-4879-A275-CB44547FB9A5}.Debug|Any CPU.Build.0 = Debug|Any CPU
		{DFCD18C7-BB35-4879-A275-CB44547FB9A5}.Release|Any CPU.ActiveCfg = Release|Any CPU
		{DFCD18C7-BB35-4879-A275-CB44547FB9A5}.Release|Any CPU.Build.0 = Release|Any CPU
	EndGlobalSection
EndGlobal
